github.com/goloop/trit v1.4.0 h1:QUYl5nSKQyBFb6OykaiqQBtPEqD5G+GBakhX1YBlbeA=
github.com/goloop/trit v1.4.0/go.mod h1:DVMcZPI0c2vjgl/F7SXsAE3AsDDEdVnAofRhnzqFsi0=
github.com/goloop/trit v1.5.0 h1:cVbZZRUTMNkxdF4N4WbsLn+vf89O3a6tbLUXzsaQFYk=
github.com/goloop/trit v1.5.0/go.mod h1:DVMcZPI0c2vjgl/F7SXsAE3AsDDEdVnAofRhnzqFsi0=
github.com/goloop/trit v1.7.0 h1:g8EhotS622lg9Iizc/eVCWOUEwdufkTqddC5a5CHK1o=
github.com/goloop/trit v1.7.0/go.mod h1:DVMcZPI0c2vjgl/F7SXsAE3AsDDEdVnAofRhnzqFsi0=
github.com/goloop/trit v1.7.1 h1:I061GVHqQ64Ri/qnkNRXuL/Gd4RHwqDil6sTQ7rK0ww=
github.com/goloop/trit v1.7.1/go.mod h1:DVMcZPI0c2vjgl/F7SXsAE3AsDDEdVnAofRhnzqFsi0=
